// !$*UTF8*$!
{
	archiveVersion = 1;
	classes = {
	};
	objectVersion = 46;
	objects = {

/* Begin PBXBuildFile section */
		6562C99A19F6E25800249569 /* SGTextView.swift in Sources */ = {isa = PBXBuildFile; fileRef = 6562C99919F6E25800249569 /* SGTextView.swift */; };
		65BC194819F24C9B005A9B56 /* AppDelegate.swift in Sources */ = {isa = PBXBuildFile; fileRef = 65BC194719F24C9B005A9B56 /* AppDelegate.swift */; };
		65BC194A19F24C9C005A9B56 /* ViewController.swift in Sources */ = {isa = PBXBuildFile; fileRef = 65BC194919F24C9C005A9B56 /* ViewController.swift */; };
		65BC194D19F24C9C005A9B56 /* Main.storyboard in Resources */ = {isa = PBXBuildFile; fileRef = 65BC194B19F24C9C005A9B56 /* Main.storyboard */; };
		65BC194F19F24C9C005A9B56 /* Images.xcassets in Resources */ = {isa = PBXBuildFile; fileRef = 65BC194E19F24C9C005A9B56 /* Images.xcassets */; };
		65BC195219F24C9C005A9B56 /* LaunchScreen.xib in Resources */ = {isa = PBXBuildFile; fileRef = 65BC195019F24C9C005A9B56 /* LaunchScreen.xib */; };
		65BC195E19F24C9C005A9B56 /* markdownEditorTests.swift in Sources */ = {isa = PBXBuildFile; fileRef = 65BC195D19F24C9C005A9B56 /* markdownEditorTests.swift */; };
		65BC196919F24CBF005A9B56 /* markdownEditor.swift in Sources */ = {isa = PBXBuildFile; fileRef = 65BC196819F24CBF005A9B56 /* markdownEditor.swift */; };
		65BC196B19F24CFC005A9B56 /* SyntaxHighlightTextStorage.swift in Sources */ = {isa = PBXBuildFile; fileRef = 65BC196A19F24CFC005A9B56 /* SyntaxHighlightTextStorage.swift */; };
		65BC196F19F25D24005A9B56 /* SGMDHelper.swift in Sources */ = {isa = PBXBuildFile; fileRef = 65BC196E19F25D24005A9B56 /* SGMDHelper.swift */; };
		C5376E6419F4CB4500E832BB /* SGMDTag.swift in Sources */ = {isa = PBXBuildFile; fileRef = C5376E6319F4CB4500E832BB /* SGMDTag.swift */; };
/* End PBXBuildFile section */

/* Begin PBXContainerItemProxy section */
		65BC195819F24C9C005A9B56 /* PBXContainerItemProxy */ = {
			isa = PBXContainerItemProxy;
			containerPortal = 65BC193A19F24C9B005A9B56 /* Project object */;
			proxyType = 1;
			remoteGlobalIDString = 65BC194119F24C9B005A9B56;
			remoteInfo = markdownEditor;
		};
/* End PBXContainerItemProxy section */

/* Begin PBXFileReference section */
		6562C99919F6E25800249569 /* SGTextView.swift */ = {isa = PBXFileReference; fileEncoding = 4; lastKnownFileType = sourcecode.swift; name = SGTextView.swift; path = markdown/SGTextView.swift; sourceTree = "<group>"; };
		65BC194219F24C9B005A9B56 /* markdownEditor.app */ = {isa = PBXFileReference; explicitFileType = wrapper.application; includeInIndex = 0; path = markdownEditor.app; sourceTree = BUILT_PRODUCTS_DIR; };
		65BC194619F24C9B005A9B56 /* Info.plist */ = {isa = PBXFileReference; lastKnownFileType = text.plist.xml; path = Info.plist; sourceTree = "<group>"; };
		65BC194719F24C9B005A9B56 /* AppDelegate.swift */ = {isa = PBXFileReference; lastKnownFileType = sourcecode.swift; path = AppDelegate.swift; sourceTree = "<group>"; };
		65BC194919F24C9C005A9B56 /* ViewController.swift */ = {isa = PBXFileReference; lastKnownFileType = sourcecode.swift; path = ViewController.swift; sourceTree = "<group>"; };
		65BC194C19F24C9C005A9B56 /* Base */ = {isa = PBXFileReference; lastKnownFileType = file.storyboard; name = Base; path = Base.lproj/Main.storyboard; sourceTree = "<group>"; };
		65BC194E19F24C9C005A9B56 /* Images.xcassets */ = {isa = PBXFileReference; lastKnownFileType = folder.assetcatalog; path = Images.xcassets; sourceTree = "<group>"; };
		65BC195119F24C9C005A9B56 /* Base */ = {isa = PBXFileReference; lastKnownFileType = file.xib; name = Base; path = Base.lproj/LaunchScreen.xib; sourceTree = "<group>"; };
		65BC195719F24C9C005A9B56 /* markdownEditorTests.xctest */ = {isa = PBXFileReference; explicitFileType = wrapper.cfbundle; includeInIndex = 0; path = markdownEditorTests.xctest; sourceTree = BUILT_PRODUCTS_DIR; };
		65BC195C19F24C9C005A9B56 /* Info.plist */ = {isa = PBXFileReference; lastKnownFileType = text.plist.xml; path = Info.plist; sourceTree = "<group>"; };
		65BC195D19F24C9C005A9B56 /* markdownEditorTests.swift */ = {isa = PBXFileReference; lastKnownFileType = sourcecode.swift; path = markdownEditorTests.swift; sourceTree = "<group>"; };
		65BC196819F24CBF005A9B56 /* markdownEditor.swift */ = {isa = PBXFileReference; fileEncoding = 4; lastKnownFileType = sourcecode.swift; name = markdownEditor.swift; path = markdown/markdownEditor.swift; sourceTree = "<group>"; };
		65BC196A19F24CFC005A9B56 /* SyntaxHighlightTextStorage.swift */ = {isa = PBXFileReference; fileEncoding = 4; lastKnownFileType = sourcecode.swift; name = SyntaxHighlightTextStorage.swift; path = markdown/SyntaxHighlightTextStorage.swift; sourceTree = "<group>"; };
		65BC196E19F25D24005A9B56 /* SGMDHelper.swift */ = {isa = PBXFileReference; fileEncoding = 4; lastKnownFileType = sourcecode.swift; name = SGMDHelper.swift; path = markdown/SGMDHelper.swift; sourceTree = "<group>"; };
		C5376E6319F4CB4500E832BB /* SGMDTag.swift */ = {isa = PBXFileReference; fileEncoding = 4; lastKnownFileType = sourcecode.swift; name = SGMDTag.swift; path = markdown/SGMDTag.swift; sourceTree = "<group>"; };
/* End PBXFileReference section */

/* Begin PBXFrameworksBuildPhase section */
		65BC193F19F24C9B005A9B56 /* Frameworks */ = {
			isa = PBXFrameworksBuildPhase;
			buildActionMask = 2147483647;
			files = (
			);
			runOnlyForDeploymentPostprocessing = 0;
		};
		65BC195419F24C9C005A9B56 /* Frameworks */ = {
			isa = PBXFrameworksBuildPhase;
			buildActionMask = 2147483647;
			files = (
			);
			runOnlyForDeploymentPostprocessing = 0;
		};
/* End PBXFrameworksBuildPhase section */

/* Begin PBXGroup section */
		65BC193919F24C9B005A9B56 = {
			isa = PBXGroup;
			children = (
				65BC194419F24C9B005A9B56 /* markdownEditor */,
				65BC195A19F24C9C005A9B56 /* markdownEditorTests */,
				65BC194319F24C9B005A9B56 /* Products */,
			);
			sourceTree = "<group>";
		};
		65BC194319F24C9B005A9B56 /* Products */ = {
			isa = PBXGroup;
			children = (
				65BC194219F24C9B005A9B56 /* markdownEditor.app */,
				65BC195719F24C9C005A9B56 /* markdownEditorTests.xctest */,
			);
			name = Products;
			sourceTree = "<group>";
		};
		65BC194419F24C9B005A9B56 /* markdownEditor */ = {
			isa = PBXGroup;
			children = (
				65BC196719F24CA8005A9B56 /* markdown */,
				65BC194719F24C9B005A9B56 /* AppDelegate.swift */,
				65BC194919F24C9C005A9B56 /* ViewController.swift */,
				65BC194B19F24C9C005A9B56 /* Main.storyboard */,
				65BC194E19F24C9C005A9B56 /* Images.xcassets */,
				65BC195019F24C9C005A9B56 /* LaunchScreen.xib */,
				65BC194519F24C9B005A9B56 /* Supporting Files */,
			);
			path = markdownEditor;
			sourceTree = "<group>";
		};
		65BC194519F24C9B005A9B56 /* Supporting Files */ = {
			isa = PBXGroup;
			children = (
				65BC194619F24C9B005A9B56 /* Info.plist */,
			);
			name = "Supporting Files";
			sourceTree = "<group>";
		};
		65BC195A19F24C9C005A9B56 /* markdownEditorTests */ = {
			isa = PBXGroup;
			children = (
				65BC195D19F24C9C005A9B56 /* markdownEditorTests.swift */,
				65BC195B19F24C9C005A9B56 /* Supporting Files */,
			);
			path = markdownEditorTests;
			sourceTree = "<group>";
		};
		65BC195B19F24C9C005A9B56 /* Supporting Files */ = {
			isa = PBXGroup;
			children = (
				65BC195C19F24C9C005A9B56 /* Info.plist */,
			);
			name = "Supporting Files";
			sourceTree = "<group>";
		};
		65BC196719F24CA8005A9B56 /* markdown */ = {
			isa = PBXGroup;
			children = (
				65BC196A19F24CFC005A9B56 /* SyntaxHighlightTextStorage.swift */,
				65BC196819F24CBF005A9B56 /* markdownEditor.swift */,
				65BC196E19F25D24005A9B56 /* SGMDHelper.swift */,
				C5376E6319F4CB4500E832BB /* SGMDTag.swift */,
				6562C99919F6E25800249569 /* SGTextView.swift */,
			);
			name = markdown;
			sourceTree = "<group>";
		};
/* End PBXGroup section */

/* Begin PBXNativeTarget section */
		65BC194119F24C9B005A9B56 /* markdownEditor */ = {
			isa = PBXNativeTarget;
			buildConfigurationList = 65BC196119F24C9C005A9B56 /* Build configuration list for PBXNativeTarget "markdownEditor" */;
			buildPhases = (
				65BC193E19F24C9B005A9B56 /* Sources */,
				65BC193F19F24C9B005A9B56 /* Frameworks */,
				65BC194019F24C9B005A9B56 /* Resources */,
			);
			buildRules = (
			);
			dependencies = (
			);
			name = markdownEditor;
			productName = markdownEditor;
			productReference = 65BC194219F24C9B005A9B56 /* markdownEditor.app */;
			productType = "com.apple.product-type.application";
		};
		65BC195619F24C9C005A9B56 /* markdownEditorTests */ = {
			isa = PBXNativeTarget;
			buildConfigurationList = 65BC196419F24C9C005A9B56 /* Build configuration list for PBXNativeTarget "markdownEditorTests" */;
			buildPhases = (
				65BC195319F24C9C005A9B56 /* Sources */,
				65BC195419F24C9C005A9B56 /* Frameworks */,
				65BC195519F24C9C005A9B56 /* Resources */,
			);
			buildRules = (
			);
			dependencies = (
				65BC195919F24C9C005A9B56 /* PBXTargetDependency */,
			);
			name = markdownEditorTests;
			productName = markdownEditorTests;
			productReference = 65BC195719F24C9C005A9B56 /* markdownEditorTests.xctest */;
			productType = "com.apple.product-type.bundle.unit-test";
		};
/* End PBXNativeTarget section */

/* Begin PBXProject section */
		65BC193A19F24C9B005A9B56 /* Project object */ = {
			isa = PBXProject;
			attributes = {
				LastUpgradeCheck = 0600;
				ORGANIZATIONNAME = comquas;
				TargetAttributes = {
					65BC194119F24C9B005A9B56 = {
						CreatedOnToolsVersion = 6.0.1;
						DevelopmentTeam = 4UP69BH7R6;
					};
					65BC195619F24C9C005A9B56 = {
						CreatedOnToolsVersion = 6.0.1;
						TestTargetID = 65BC194119F24C9B005A9B56;
					};
				};
			};
			buildConfigurationList = 65BC193D19F24C9B005A9B56 /* Build configuration list for PBXProject "markdownEditor" */;
			compatibilityVersion = "Xcode 3.2";
			developmentRegion = English;
			hasScannedForEncodings = 0;
			knownRegions = (
				en,
				Base,
			);
			mainGroup = 65BC193919F24C9B005A9B56;
			productRefGroup = 65BC194319F24C9B005A9B56 /* Products */;
			projectDirPath = "";
			projectRoot = "";
			targets = (
				65BC194119F24C9B005A9B56 /* markdownEditor */,
				65BC195619F24C9C005A9B56 /* markdownEditorTests */,
			);
		};
/* End PBXProject section */

/* Begin PBXResourcesBuildPhase section */
		65BC194019F24C9B005A9B56 /* Resources */ = {
			isa = PBXResourcesBuildPhase;
			buildActionMask = 2147483647;
			files = (
				65BC194D19F24C9C005A9B56 /* Main.storyboard in Resources */,
				65BC195219F24C9C005A9B56 /* LaunchScreen.xib in Resources */,
				65BC194F19F24C9C005A9B56 /* Images.xcassets in Resources */,
			);
			runOnlyForDeploymentPostprocessing = 0;
		};
		65BC195519F24C9C005A9B56 /* Resources */ = {
			isa = PBXResourcesBuildPhase;
			buildActionMask = 2147483647;
			files = (
			);
			runOnlyForDeploymentPostprocessing = 0;
		};
/* End PBXResourcesBuildPhase section */

/* Begin PBXSourcesBuildPhase section */
		65BC193E19F24C9B005A9B56 /* Sources */ = {
			isa = PBXSourcesBuildPhase;
			buildActionMask = 2147483647;
			files = (
				65BC196F19F25D24005A9B56 /* SGMDHelper.swift in Sources */,
				65BC196B19F24CFC005A9B56 /* SyntaxHighlightTextStorage.swift in Sources */,
				65BC194A19F24C9C005A9B56 /* ViewController.swift in Sources */,
				6562C99A19F6E25800249569 /* SGTextView.swift in Sources */,
				C5376E6419F4CB4500E832BB /* SGMDTag.swift in Sources */,
				65BC196919F24CBF005A9B56 /* markdownEditor.swift in Sources */,
				65BC194819F24C9B005A9B56 /* AppDelegate.swift in Sources */,
			);
			runOnlyForDeploymentPostprocessing = 0;
		};
		65BC195319F24C9C005A9B56 /* Sources */ = {
			isa = PBXSourcesBuildPhase;
			buildActionMask = 2147483647;
			files = (
				65BC195E19F24C9C005A9B56 /* markdownEditorTests.swift in Sources */,
			);
			runOnlyForDeploymentPostprocessing = 0;
		};
/* End PBXSourcesBuildPhase section */

/* Begin PBXTargetDependency section */
		65BC195919F24C9C005A9B56 /* PBXTargetDependency */ = {
			isa = PBXTargetDependency;
			target = 65BC194119F24C9B005A9B56 /* markdownEditor */;
			targetProxy = 65BC195819F24C9C005A9B56 /* PBXContainerItemProxy */;
		};
/* End PBXTargetDependency section */

/* Begin PBXVariantGroup section */
		65BC194B19F24C9C005A9B56 /* Main.storyboard */ = {
			isa = PBXVariantGroup;
			children = (
				65BC194C19F24C9C005A9B56 /* Base */,
			);
			name = Main.storyboard;
			sourceTree = "<group>";
		};
		65BC195019F24C9C005A9B56 /* LaunchScreen.xib */ = {
			isa = PBXVariantGroup;
			children = (
				65BC195119F24C9C005A9B56 /* Base */,
			);
			name = LaunchScreen.xib;
			sourceTree = "<group>";
		};
/* End PBXVariantGroup section */

/* Begin XCBuildConfiguration section */
		65BC195F19F24C9C005A9B56 /* Debug */ = {
			isa = XCBuildConfiguration;
			buildSettings = {
				ALWAYS_SEARCH_USER_PATHS = NO;
				CLANG_CXX_LANGUAGE_STANDARD = "gnu++0x";
				CLANG_CXX_LIBRARY = "libc++";
				CLANG_ENABLE_MODULES = YES;
				CLANG_ENABLE_OBJC_ARC = YES;
				CLANG_WARN_BOOL_CONVERSION = YES;
				CLANG_WARN_CONSTANT_CONVERSION = YES;
				CLANG_WARN_DIRECT_OBJC_ISA_USAGE = YES_ERROR;
				CLANG_WARN_EMPTY_BODY = YES;
				CLANG_WARN_ENUM_CONVERSION = YES;
				CLANG_WARN_INT_CONVERSION = YES;
				CLANG_WARN_OBJC_ROOT_CLASS = YES_ERROR;
				CLANG_WARN_UNREACHABLE_CODE = YES;
				CLANG_WARN__DUPLICATE_METHOD_MATCH = YES;
				"CODE_SIGN_IDENTITY[sdk=iphoneos*]" = "iPhone Developer";
				COPY_PHASE_STRIP = NO;
				ENABLE_STRICT_OBJC_MSGSEND = YES;
				GCC_C_LANGUAGE_STANDARD = gnu99;
				GCC_DYNAMIC_NO_PIC = NO;
				GCC_OPTIMIZATION_LEVEL = 0;
				GCC_PREPROCESSOR_DEFINITIONS = (
					"DEBUG=1",
					"$(inherited)",
				);
				GCC_SYMBOLS_PRIVATE_EXTERN = NO;
				GCC_WARN_64_TO_32_BIT_CONVERSION = YES;
				GCC_WARN_ABOUT_RETURN_TYPE = YES_ERROR;
				GCC_WARN_UNDECLARED_SELECTOR = YES;
				GCC_WARN_UNINITIALIZED_AUTOS = YES_AGGRESSIVE;
				GCC_WARN_UNUSED_FUNCTION = YES;
				GCC_WARN_UNUSED_VARIABLE = YES;
				IPHONEOS_DEPLOYMENT_TARGET = 8.0;
				MTL_ENABLE_DEBUG_INFO = YES;
				ONLY_ACTIVE_ARCH = YES;
				SDKROOT = iphoneos;
				SWIFT_OPTIMIZATION_LEVEL = "-Onone";
				TARGETED_DEVICE_FAMILY = "1,2";
			};
			name = Debug;
		};
		65BC196019F24C9C005A9B56 /* Release */ = {
			isa = XCBuildConfiguration;
			buildSettings = {
				ALWAYS_SEARCH_USER_PATHS = NO;
				CLANG_CXX_LANGUAGE_STANDARD = "gnu++0x";
				CLANG_CXX_LIBRARY = "libc++";
				CLANG_ENABLE_MODULES = YES;
				CLANG_ENABLE_OBJC_ARC = YES;
				CLANG_WARN_BOOL_CONVERSION = YES;
				CLANG_WARN_CONSTANT_CONVERSION = YES;
				CLANG_WARN_DIRECT_OBJC_ISA_USAGE = YES_ERROR;
				CLANG_WARN_EMPTY_BODY = YES;
				CLANG_WARN_ENUM_CONVERSION = YES;
				CLANG_WARN_INT_CONVERSION = YES;
				CLANG_WARN_OBJC_ROOT_CLASS = YES_ERROR;
				CLANG_WARN_UNREACHABLE_CODE = YES;
				CLANG_WARN__DUPLICATE_METHOD_MATCH = YES;
				"CODE_SIGN_IDENTITY[sdk=iphoneos*]" = "iPhone Developer";
				COPY_PHASE_STRIP = YES;
				ENABLE_NS_ASSERTIONS = NO;
				ENABLE_STRICT_OBJC_MSGSEND = YES;
				GCC_C_LANGUAGE_STANDARD = gnu99;
				GCC_WARN_64_TO_32_BIT_CONVERSION = YES;
				GCC_WARN_ABOUT_RETURN_TYPE = YES_ERROR;
				GCC_WARN_UNDECLARED_SELECTOR = YES;
				GCC_WARN_UNINITIALIZED_AUTOS = YES_AGGRESSIVE;
				GCC_WARN_UNUSED_FUNCTION = YES;
				GCC_WARN_UNUSED_VARIABLE = YES;
				IPHONEOS_DEPLOYMENT_TARGET = 8.0;
				MTL_ENABLE_DEBUG_INFO = NO;
				SDKROOT = iphoneos;
				TARGETED_DEVICE_FAMILY = "1,2";
				VALIDATE_PRODUCT = YES;
			};
			name = Release;
		};
		65BC196219F24C9C005A9B56 /* Debug */ = {
			isa = XCBuildConfiguration;
			buildSettings = {
				ASSETCATALOG_COMPILER_APPICON_NAME = AppIcon;
				INFOPLIST_FILE = markdownEditor/Info.plist;
				LD_RUNPATH_SEARCH_PATHS = "$(inherited) @executable_path/Frameworks";
				PRODUCT_NAME = "$(TARGET_NAME)";
			};
			name = Debug;
		};
		65BC196319F24C9C005A9B56 /* Release */ = {
			isa = XCBuildConfiguration;
			buildSettings = {
				ASSETCATALOG_COMPILER_APPICON_NAME = AppIcon;
				INFOPLIST_FILE = markdownEditor/Info.plist;
				LD_RUNPATH_SEARCH_PATHS = "$(inherited) @executable_path/Frameworks";
				PRODUCT_NAME = "$(TARGET_NAME)";
			};
			name = Release;
		};
		65BC196519F24C9C005A9B56 /* Debug */ = {
			isa = XCBuildConfiguration;
			buildSettings = {
				BUNDLE_LOADER = "$(TEST_HOST)";
				FRAMEWORK_SEARCH_PATHS = (
					"$(SDKROOT)/Developer/Library/Frameworks",
					"$(inherited)",
				);
				GCC_PREPROCESSOR_DEFINITIONS = (
					"DEBUG=1",
					"$(inherited)",
				);
				INFOPLIST_FILE = markdownEditorTests/Info.plist;
				LD_RUNPATH_SEARCH_PATHS = "$(inherited) @executable_path/Frameworks @loader_path/Frameworks";
				PRODUCT_NAME = "$(TARGET_NAME)";
				TEST_HOST = "$(BUILT_PRODUCTS_DIR)/markdownEditor.app/markdownEditor";
			};
			name = Debug;
		};
		65BC196619F24C9C005A9B56 /* Release */ = {
			isa = XCBuildConfiguration;
			buildSettings = {
				BUNDLE_LOADER = "$(TEST_HOST)";
				FRAMEWORK_SEARCH_PATHS = (
					"$(SDKROOT)/Developer/Library/Frameworks",
					"$(inherited)",
				);
				INFOPLIST_FILE = markdownEditorTests/Info.plist;
				LD_RUNPATH_SEARCH_PATHS = "$(inherited) @executable_path/Frameworks @loader_path/Frameworks";
				PRODUCT_NAME = "$(TARGET_NAME)";
				TEST_HOST = "$(BUILT_PRODUCTS_DIR)/markdownEditor.app/markdownEditor";
			};
			name = Release;
		};
/* End XCBuildConfiguration section */

/* Begin XCConfigurationList section */
		65BC193D19F24C9B005A9B56 /* Build configuration list for PBXProject "markdownEditor" */ = {
			isa = XCConfigurationList;
			buildConfigurations = (
				65BC195F19F24C9C005A9B56 /* Debug */,
				65BC196019F24C9C005A9B56 /* Release */,
			);
			defaultConfigurationIsVisible = 0;
			defaultConfigurationName = Release;
		};
		65BC196119F24C9C005A9B56 /* Build configuration list for PBXNativeTarget "markdownEditor" */ = {
			isa = XCConfigurationList;
			buildConfigurations = (
				65BC196219F24C9C005A9B56 /* Debug */,
				65BC196319F24C9C005A9B56 /* Release */,
			);
			defaultConfigurationIsVisible = 0;
			defaultConfigurationName = Release;
		};
		65BC196419F24C9C005A9B56 /* Build configuration list for PBXNativeTarget "markdownEditorTests" */ = {
			isa = XCConfigurationList;
			buildConfigurations = (
				65BC196519F24C9C005A9B56 /* Debug */,
				65BC196619F24C9C005A9B56 /* Release */,
			);
			defaultConfigurationIsVisible = 0;
			defaultConfigurationName = Release;
		};
/* End XCConfigurationList section */
	};
	rootObject = 65BC193A19F24C9B005A9B56 /* Project object */;
}
